
Microsoft Visual Studio Solution File, Format Version 12.00
# Visual Studio Version 17
VisualStudioVersion = 17.11.35327.3
MinimumVisualStudioVersion = 10.0.40219.1
Project("{FAE04EC0-301F-11D3-BF4B-00C04F79EFBC}") = "NetiesinisProgramavimas", "NetiesinisProgramavimas\NetiesinisProgramavimas.csproj", "{52CC7329-FB4F-495C-8395-62B789F699A4}"
EndProject
Global
	GlobalSection(SolutionConfigurationPlatforms) = preSolution
		Debug|Any CPU = Debug|Any CPU
		Release|Any CPU = Release|Any CPU
	EndGlobalSection
	GlobalSection(ProjectConfigurationPlatforms) = postSolution
		{52CC7329-FB4F-495C-8395-62B789F699A4}.Debug|Any CPU.ActiveCfg = Debug|Any CPU
		{52CC7329-FB4F-495C-8395-62B789F699A4}.Debug|Any CPU.Build.0 = Debug|Any CPU
		{52CC7329-FB4F-495C-8395-62B789F699A4}.Release|Any CPU.ActiveCfg = Release|Any CPU
		{52CC7329-FB4F-495C-8395-62B789F699A4}.Release|Any CPU.Build.0 = Release|Any CPU
	EndGlobalSection
	GlobalSection(SolutionProperties) = preSolution
		HideSolutionNode = FALSE
	EndGlobalSection
	GlobalSection(ExtensibilityGlobals) = postSolution
		SolutionGuid = {3D64D6B5-09E1-4BE9-8F6D-25FCEEF2CBBB}
	EndGlobalSection
EndGlobal
